// !$*UTF8*$!
{
	archiveVersion = 1;
	classes = {
	};
	objectVersion = 55;
	objects = {

/* Begin PBXBuildFile section */
		F20458DB286A8B9C00E5B05D /* NaverMapSwift in Frameworks */ = {isa = PBXBuildFile; productRef = F20458DA286A8B9C00E5B05D /* NaverMapSwift */; };
		F2484A4C286A8929004C36E0 /* NaverMapSwiftDemoApp.swift in Sources */ = {isa = PBXBuildFile; fileRef = F2484A4B286A8929004C36E0 /* NaverMapSwiftDemoApp.swift */; };
		F2484A4E286A8929004C36E0 /* ContentView.swift in Sources */ = {isa = PBXBuildFile; fileRef = F2484A4D286A8929004C36E0 /* ContentView.swift */; };
		F2484A50286A892A004C36E0 /* Assets.xcassets in Resources */ = {isa = PBXBuildFile; fileRef = F2484A4F286A892A004C36E0 /* Assets.xcassets */; };
		F2484A53286A892A004C36E0 /* Preview Assets.xcassets in Resources */ = {isa = PBXBuildFile; fileRef = F2484A52286A892A004C36E0 /* Preview Assets.xcassets */; };
/* End PBXBuildFile section */

/* Begin PBXFileReference section */
		F20458D6286A8B2800E5B05D /* NaverMapSwift */ = {isa = PBXFileReference; lastKnownFileType = wrapper; name = NaverMapSwift; path = ../..; sourceTree = "<group>"; };
		F209835C286B012F00E7B9D3 /* NaverMapSwift */ = {isa = PBXFileReference; lastKnownFileType = wrapper; name = NaverMapSwift; path = ..; sourceTree = "<group>"; };
		F2484A48286A8929004C36E0 /* NaverMapSwiftDemo.app */ = {isa = PBXFileReference; explicitFileType = wrapper.application; includeInIndex = 0; path = NaverMapSwiftDemo.app; sourceTree = BUILT_PRODUCTS_DIR; };
		F2484A4B286A8929004C36E0 /* NaverMapSwiftDemoApp.swift */ = {isa = PBXFileReference; lastKnownFileType = sourcecode.swift; path = NaverMapSwiftDemoApp.swift; sourceTree = "<group>"; };
		F2484A4D286A8929004C36E0 /* ContentView.swift */ = {isa = PBXFileReference; lastKnownFileType = sourcecode.swift; path = ContentView.swift; sourceTree = "<group>"; };
		F2484A4F286A892A004C36E0 /* Assets.xcassets */ = {isa = PBXFileReference; lastKnownFileType = folder.assetcatalog; path = Assets.xcassets; sourceTree = "<group>"; };
		F2484A52286A892A004C36E0 /* Preview Assets.xcassets */ = {isa = PBXFileReference; lastKnownFileType = folder.assetcatalog; path = "Preview Assets.xcassets"; sourceTree = "<group>"; };
		F2484A5A286A8A1B004C36E0 /* NaverMapSwift */ = {isa = PBXFileReference; lastKnownFileType = wrapper; name = NaverMapSwift; path = ../..; sourceTree = "<group>"; };
/* End PBXFileReference section */

/* Begin PBXFrameworksBuildPhase section */
		F2484A45286A8929004C36E0 /* Frameworks */ = {
			isa = PBXFrameworksBuildPhase;
			buildActionMask = 2147483647;
			files = (
				F20458DB286A8B9C00E5B05D /* NaverMapSwift in Frameworks */,
			);
			runOnlyForDeploymentPostprocessing = 0;
		};
/* End PBXFrameworksBuildPhase section */

/* Begin PBXGroup section */
		F20458D9286A8B9C00E5B05D /* Frameworks */ = {
			isa = PBXGroup;
			children = (
				F209835C286B012F00E7B9D3 /* NaverMapSwift */,
			);
			name = Frameworks;
			sourceTree = "<group>";
		};
		F2484A3F286A8929004C36E0 = {
			isa = PBXGroup;
			children = (
				F2484A59286A8A1B004C36E0 /* Packages */,
				F2484A4A286A8929004C36E0 /* NaverMapSwiftDemo */,
				F2484A49286A8929004C36E0 /* Products */,
				F20458D9286A8B9C00E5B05D /* Frameworks */,
			);
			sourceTree = "<group>";
		};
		F2484A49286A8929004C36E0 /* Products */ = {
			isa = PBXGroup;
			children = (
				F2484A48286A8929004C36E0 /* NaverMapSwiftDemo.app */,
			);
			name = Products;
			sourceTree = "<group>";
		};
		F2484A4A286A8929004C36E0 /* NaverMapSwiftDemo */ = {
			isa = PBXGroup;
			children = (
				F2484A4B286A8929004C36E0 /* NaverMapSwiftDemoApp.swift */,
				F2484A4D286A8929004C36E0 /* ContentView.swift */,
				F2484A4F286A892A004C36E0 /* Assets.xcassets */,
				F2484A51286A892A004C36E0 /* Preview Content */,
			);
			path = NaverMapSwiftDemo;
			sourceTree = "<group>";
		};
		F2484A51286A892A004C36E0 /* Preview Content */ = {
			isa = PBXGroup;
			children = (
				F2484A52286A892A004C36E0 /* Preview Assets.xcassets */,
			);
			path = "Preview Content";
			sourceTree = "<group>";
		};
		F2484A59286A8A1B004C36E0 /* Packages */ = {
			isa = PBXGroup;
			children = (
				F2484A5A286A8A1B004C36E0 /* NaverMapSwift */,
				F20458D6286A8B2800E5B05D /* NaverMapSwift */,
			);
			name = Packages;
			sourceTree = "<group>";
		};
/* End PBXGroup section */

/* Begin PBXNativeTarget section */
		F2484A47286A8929004C36E0 /* NaverMapSwiftDemo */ = {
			isa = PBXNativeTarget;
			buildConfigurationList = F2484A56286A892A004C36E0 /* Build configuration list for PBXNativeTarget "NaverMapSwiftDemo" */;
			buildPhases = (
				F2484A44286A8929004C36E0 /* Sources */,
				F2484A45286A8929004C36E0 /* Frameworks */,
				F2484A46286A8929004C36E0 /* Resources */,
			);
			buildRules = (
			);
			dependencies = (
			);
			name = NaverMapSwiftDemo;
			packageProductDependencies = (
				F20458DA286A8B9C00E5B05D /* NaverMapSwift */,
			);
			productName = NaverMapSwiftDemo;
			productReference = F2484A48286A8929004C36E0 /* NaverMapSwiftDemo.app */;
			productType = "com.apple.product-type.application";
		};
/* End PBXNativeTarget section */

/* Begin PBXProject section */
		F2484A40286A8929004C36E0 /* Project object */ = {
			isa = PBXProject;
			attributes = {
				BuildIndependentTargetsInParallel = 1;
				LastSwiftUpdateCheck = 1330;
				LastUpgradeCheck = 1330;
				TargetAttributes = {
					F2484A47286A8929004C36E0 = {
						CreatedOnToolsVersion = 13.3.1;
					};
				};
			};
			buildConfigurationList = F2484A43286A8929004C36E0 /* Build configuration list for PBXProject "NaverMapSwiftDemo" */;
			compatibilityVersion = "Xcode 13.0";
			developmentRegion = en;
			hasScannedForEncodings = 0;
			knownRegions = (
				en,
				Base,
			);
			mainGroup = F2484A3F286A8929004C36E0;
			productRefGroup = F2484A49286A8929004C36E0 /* Products */;
			projectDirPath = "";
			projectRoot = "";
			targets = (
				F2484A47286A8929004C36E0 /* NaverMapSwiftDemo */,
			);
		};
/* End PBXProject section */

/* Begin PBXResourcesBuildPhase section */
		F2484A46286A8929004C36E0 /* Resources */ = {
			isa = PBXResourcesBuildPhase;
			buildActionMask = 2147483647;
			files = (
				F2484A53286A892A004C36E0 /* Preview Assets.xcassets in Resources */,
				F2484A50286A892A004C36E0 /* Assets.xcassets in Resources */,
			);
			runOnlyForDeploymentPostprocessing = 0;
		};
/* End PBXResourcesBuildPhase section */

/* Begin PBXSourcesBuildPhase section */
		F2484A44286A8929004C36E0 /* Sources */ = {
			isa = PBXSourcesBuildPhase;
			buildActionMask = 2147483647;
			files = (
				F2484A4E286A8929004C36E0 /* ContentView.swift in Sources */,
				F2484A4C286A8929004C36E0 /* NaverMapSwiftDemoApp.swift in Sources */,
			);
			runOnlyForDeploymentPostprocessing = 0;
		};
/* End PBXSourcesBuildPhase section */

/* Begin XCBuildConfiguration section */
		F2484A54286A892A004C36E0 /* Debug */ = {
			isa = XCBuildConfiguration;
			buildSettings = {
				ALWAYS_SEARCH_USER_PATHS = NO;
				CLANG_ANALYZER_NONNULL = YES;
				CLANG_ANALYZER_NUMBER_OBJECT_CONVERSION = YES_AGGRESSIVE;
				CLANG_CXX_LANGUAGE_STANDARD = "gnu++17";
				CLANG_ENABLE_MODULES = YES;
				CLANG_ENABLE_OBJC_ARC = YES;
				CLANG_ENABLE_OBJC_WEAK = YES;
				CLANG_WARN_BLOCK_CAPTURE_AUTORELEASING = YES;
				CLANG_WARN_BOOL_CONVERSION = YES;
				CLANG_WARN_COMMA = YES;
				CLANG_WARN_CONSTANT_CONVERSION = YES;
				CLANG_WARN_DEPRECATED_OBJC_IMPLEMENTATIONS = YES;
				CLANG_WARN_DIRECT_OBJC_ISA_USAGE = YES_ERROR;
				CLANG_WARN_DOCUMENTATION_COMMENTS = YES;
				CLANG_WARN_EMPTY_BODY = YES;
				CLANG_WARN_ENUM_CONVERSION = YES;
				CLANG_WARN_INFINITE_RECURSION = YES;
				CLANG_WARN_INT_CONVERSION = YES;
				CLANG_WARN_NON_LITERAL_NULL_CONVERSION = YES;
				CLANG_WARN_OBJC_IMPLICIT_RETAIN_SELF = YES;
				CLANG_WARN_OBJC_LITERAL_CONVERSION = YES;
				CLANG_WARN_OBJC_ROOT_CLASS = YES_ERROR;
				CLANG_WARN_QUOTED_INCLUDE_IN_FRAMEWORK_HEADER = YES;
				CLANG_WARN_RANGE_LOOP_ANALYSIS = YES;
				CLANG_WARN_STRICT_PROTOTYPES = YES;
				CLANG_WARN_SUSPICIOUS_MOVE = YES;
				CLANG_WARN_UNGUARDED_AVAILABILITY = YES_AGGRESSIVE;
				CLANG_WARN_UNREACHABLE_CODE = YES;
				CLANG_WARN__DUPLICATE_METHOD_MATCH = YES;
				COPY_PHASE_STRIP = NO;
				DEBUG_INFORMATION_FORMAT = dwarf;
				ENABLE_STRICT_OBJC_MSGSEND = YES;
				ENABLE_TESTABILITY = YES;
				GCC_C_LANGUAGE_STANDARD = gnu11;
				GCC_DYNAMIC_NO_PIC = NO;
				GCC_NO_COMMON_BLOCKS = YES;
				GCC_OPTIMIZATION_LEVEL = 0;
				GCC_PREPROCESSOR_DEFINITIONS = (
					"DEBUG=1",
					"$(inherited)",
				);
				GCC_WARN_64_TO_32_BIT_CONVERSION = YES;
				GCC_WARN_ABOUT_RETURN_TYPE = YES_ERROR;
				GCC_WARN_UNDECLARED_SELECTOR = YES;
				GCC_WARN_UNINITIALIZED_AUTOS = YES_AGGRESSIVE;
				GCC_WARN_UNUSED_FUNCTION = YES;
				GCC_WARN_UNUSED_VARIABLE = YES;
				IPHONEOS_DEPLOYMENT_TARGET = 15.4;
				MTL_ENABLE_DEBUG_INFO = INCLUDE_SOURCE;
				MTL_FAST_MATH = YES;
				ONLY_ACTIVE_ARCH = YES;
				SDKROOT = iphoneos;
				SWIFT_ACTIVE_COMPILATION_CONDITIONS = DEBUG;
				SWIFT_OPTIMIZATION_LEVEL = "-Onone";
			};
			name = Debug;
		};
		F2484A55286A892A004C36E0 /* Release */ = {
			isa = XCBuildConfiguration;
			buildSettings = {
				ALWAYS_SEARCH_USER_PATHS = NO;
				CLANG_ANALYZER_NONNULL = YES;
				CLANG_ANALYZER_NUMBER_OBJECT_CONVERSION = YES_AGGRESSIVE;
				CLANG_CXX_LANGUAGE_STANDARD = "gnu++17";
				CLANG_ENABLE_MODULES = YES;
				CLANG_ENABLE_OBJC_ARC = YES;
				CLANG_ENABLE_OBJC_WEAK = YES;
				CLANG_WARN_BLOCK_CAPTURE_AUTORELEASING = YES;
				CLANG_WARN_BOOL_CONVERSION = YES;
				CLANG_WARN_COMMA = YES;
				CLANG_WARN_CONSTANT_CONVERSION = YES;
				CLANG_WARN_DEPRECATED_OBJC_IMPLEMENTATIONS = YES;
				CLANG_WARN_DIRECT_OBJC_ISA_USAGE = YES_ERROR;
				CLANG_WARN_DOCUMENTATION_COMMENTS = YES;
				CLANG_WARN_EMPTY_BODY = YES;
				CLANG_WARN_ENUM_CONVERSION = YES;
				CLANG_WARN_INFINITE_RECURSION = YES;
				CLANG_WARN_INT_CONVERSION = YES;
				CLANG_WARN_NON_LITERAL_NULL_CONVERSION = YES;
				CLANG_WARN_OBJC_IMPLICIT_RETAIN_SELF = YES;
				CLANG_WARN_OBJC_LITERAL_CONVERSION = YES;
				CLANG_WARN_OBJC_ROOT_CLASS = YES_ERROR;
				CLANG_WARN_QUOTED_INCLUDE_IN_FRAMEWORK_HEADER = YES;
				CLANG_WARN_RANGE_LOOP_ANALYSIS = YES;
				CLANG_WARN_STRICT_PROTOTYPES = YES;
				CLANG_WARN_SUSPICIOUS_MOVE = YES;
				CLANG_WARN_UNGUARDED_AVAILABILITY = YES_AGGRESSIVE;
				CLANG_WARN_UNREACHABLE_CODE = YES;
				CLANG_WARN__DUPLICATE_METHOD_MATCH = YES;
				COPY_PHASE_STRIP = NO;
				DEBUG_INFORMATION_FORMAT = "dwarf-with-dsym";
				ENABLE_NS_ASSERTIONS = NO;
				ENABLE_STRICT_OBJC_MSGSEND = YES;
				GCC_C_LANGUAGE_STANDARD = gnu11;
				GCC_NO_COMMON_BLOCKS = YES;
				GCC_WARN_64_TO_32_BIT_CONVERSION = YES;
				GCC_WARN_ABOUT_RETURN_TYPE = YES_ERROR;
				GCC_WARN_UNDECLARED_SELECTOR = YES;
				GCC_WARN_UNINITIALIZED_AUTOS = YES_AGGRESSIVE;
				GCC_WARN_UNUSED_FUNCTION = YES;
				GCC_WARN_UNUSED_VARIABLE = YES;
				IPHONEOS_DEPLOYMENT_TARGET = 15.4;
				MTL_ENABLE_DEBUG_INFO = NO;
				MTL_FAST_MATH = YES;
				SDKROOT = iphoneos;
				SWIFT_COMPILATION_MODE = wholemodule;
				SWIFT_OPTIMIZATION_LEVEL = "-O";
				VALIDATE_PRODUCT = YES;
			};
			name = Release;
		};
		F2484A57286A892A004C36E0 /* Debug */ = {
			isa = XCBuildConfiguration;
			buildSettings = {
				ASSETCATALOG_COMPILER_APPICON_NAME = AppIcon;
				ASSETCATALOG_COMPILER_GLOBAL_ACCENT_COLOR_NAME = AccentColor;
				CODE_SIGN_STYLE = Automatic;
				CURRENT_PROJECT_VERSION = 1;
				DEVELOPMENT_ASSET_PATHS = "\"NaverMapSwiftDemo/Preview Content\"";
				DEVELOPMENT_TEAM = 87KG3K3857;
				ENABLE_PREVIEWS = YES;
				GENERATE_INFOPLIST_FILE = YES;
				INFOPLIST_KEY_UIApplicationSceneManifest_Generation = YES;
				INFOPLIST_KEY_UIApplicationSupportsIndirectInputEvents = YES;
				INFOPLIST_KEY_UILaunchScreen_Generation = YES;
				INFOPLIST_KEY_UISupportedInterfaceOrientations_iPad = "UIInterfaceOrientationPortrait UIInterfaceOrientationPortraitUpsideDown UIInterfaceOrientationLandscapeLeft UIInterfaceOrientationLandscapeRight";
				INFOPLIST_KEY_UISupportedInterfaceOrientations_iPhone = "UIInterfaceOrientationPortrait UIInterfaceOrientationLandscapeLeft UIInterfaceOrientationLandscapeRight";
				IPHONEOS_DEPLOYMENT_TARGET = 14.5;
				LD_RUNPATH_SEARCH_PATHS = (
					"$(inherited)",
					"@executable_path/Frameworks",
				);
				MARKETING_VERSION = 1.0;
				PRODUCT_BUNDLE_IDENTIFIER = com.jazzhallabong.NaverMapSwiftDemo;
				PRODUCT_NAME = "$(TARGET_NAME)";
				SWIFT_EMIT_LOC_STRINGS = YES;
				SWIFT_VERSION = 5.0;
				TARGETED_DEVICE_FAMILY = "1,2";
			};
			name = Debug;
		};
		F2484A58286A892A004C36E0 /* Release */ = {
			isa = XCBuildConfiguration;
			buildSettings = {
				ASSETCATALOG_COMPILER_APPICON_NAME = AppIcon;
				ASSETCATALOG_COMPILER_GLOBAL_ACCENT_COLOR_NAME = AccentColor;
				CODE_SIGN_STYLE = Automatic;
				CURRENT_PROJECT_VERSION = 1;
				DEVELOPMENT_ASSET_PATHS = "\"NaverMapSwiftDemo/Preview Content\"";
				DEVELOPMENT_TEAM = 87KG3K3857;
				ENABLE_PREVIEWS = YES;
				GENERATE_INFOPLIST_FILE = YES;
				INFOPLIST_KEY_UIApplicationSceneManifest_Generation = YES;
				INFOPLIST_KEY_UIApplicationSupportsIndirectInputEvents = YES;
				INFOPLIST_KEY_UILaunchScreen_Generation = YES;
				INFOPLIST_KEY_UISupportedInterfaceOrientations_iPad = "UIInterfaceOrientationPortrait UIInterfaceOrientationPortraitUpsideDown UIInterfaceOrientationLandscapeLeft UIInterfaceOrientationLandscapeRight";
				INFOPLIST_KEY_UISupportedInterfaceOrientations_iPhone = "UIInterfaceOrientationPortrait UIInterfaceOrientationLandscapeLeft UIInterfaceOrientationLandscapeRight";
				IPHONEOS_DEPLOYMENT_TARGET = 14.5;
				LD_RUNPATH_SEARCH_PATHS = (
					"$(inherited)",
					"@executable_path/Frameworks",
				);
				MARKETING_VERSION = 1.0;
				PRODUCT_BUNDLE_IDENTIFIER = com.jazzhallabong.NaverMapSwiftDemo;
				PRODUCT_NAME = "$(TARGET_NAME)";
				SWIFT_EMIT_LOC_STRINGS = YES;
				SWIFT_VERSION = 5.0;
				TARGETED_DEVICE_FAMILY = "1,2";
			};
			name = Release;
		};
/* End XCBuildConfiguration section */

/* Begin XCConfigurationList section */
		F2484A43286A8929004C36E0 /* Build configuration list for PBXProject "NaverMapSwiftDemo" */ = {
			isa = XCConfigurationList;
			buildConfigurations = (
				F2484A54286A892A004C36E0 /* Debug */,
				F2484A55286A892A004C36E0 /* Release */,
			);
			defaultConfigurationIsVisible = 0;
			defaultConfigurationName = Release;
		};
		F2484A56286A892A004C36E0 /* Build configuration list for PBXNativeTarget "NaverMapSwiftDemo" */ = {
			isa = XCConfigurationList;
			buildConfigurations = (
				F2484A57286A892A004C36E0 /* Debug */,
				F2484A58286A892A004C36E0 /* Release */,
			);
			defaultConfigurationIsVisible = 0;
			defaultConfigurationName = Release;
		};
/* End XCConfigurationList section */

/* Begin XCSwiftPackageProductDependency section */
		F20458DA286A8B9C00E5B05D /* NaverMapSwift */ = {
			isa = XCSwiftPackageProductDependency;
			productName = NaverMapSwift;
		};
/* End XCSwiftPackageProductDependency section */
	};
	rootObject = F2484A40286A8929004C36E0 /* Project object */;
}
